
Microsoft Visual Studio Solution File, Format Version 12.00
# Visual Studio Version 17
VisualStudioVersion = 17.3.32819.101
MinimumVisualStudioVersion = 10.0.40219.1
Project("{FAE04EC0-301F-11D3-BF4B-00C04F79EFBC}") = "brainFuck interpeter", "brainFuck interpeter.csproj", "{E7B4DA04-85F8-4034-AAEB-19A6D19F9F39}"
EndProject
Global
	GlobalSection(SolutionConfigurationPlatforms) = preSolution
		Debug|Any CPU = Debug|Any CPU
		Release|Any CPU = Release|Any CPU
	EndGlobalSection
	GlobalSection(ProjectConfigurationPlatforms) = postSolution
		{E7B4DA04-85F8-4034-AAEB-19A6D19F9F39}.Debug|Any CPU.ActiveCfg = Debug|Any CPU
		{E7B4DA04-85F8-4034-AAEB-19A6D19F9F39}.Debug|Any CPU.Build.0 = Debug|Any CPU
		{E7B4DA04-85F8-4034-AAEB-19A6D19F9F39}.Release|Any CPU.ActiveCfg = Release|Any CPU
		{E7B4DA04-85F8-4034-AAEB-19A6D19F9F39}.Release|Any CPU.Build.0 = Release|Any CPU
	EndGlobalSection
	GlobalSection(SolutionProperties) = preSolution
		HideSolutionNode = FALSE
	EndGlobalSection
	GlobalSection(ExtensibilityGlobals) = postSolution
		SolutionGuid = {BA8AE504-7A2B-4FAD-960A-94EF2401ECF1}
	EndGlobalSection
EndGlobal
